<?xml version="1.0" encoding="utf-8"?>
<Project ToolsVersion="4.0" xmlns="http://schemas.microsoft.com/developer/msbuild/2003">
  <ItemGroup>
    <ClCompile Include="graphics.cpp">
      <Filter>.cpp</Filter>
    </ClCompile>
    <ClCompile Include="main.h">
      <Filter>.h</Filter>
    </ClCompile>
    <ClCompile Include="console.cpp">
      <Filter>.cpp</Filter>
    </ClCompile>
    <ClCompile Include="world.cpp">
      <Filter>.cpp</Filter>
    </ClCompile>
    <ClCompile Include="player.cpp">
      <Filter>.cpp</Filter>
    </ClCompile>
    <ClCompile Include="gameMain.cpp">
      <Filter>.cpp</Filter>
    </ClCompile>
    <ClCompile Include="info.cpp">
      <Filter>.cpp</Filter>
    </ClCompile>
    <ClCompile Include="state.cpp">
      <Filter>.cpp</Filter>
    </ClCompile>
    <ClCompile Include="settings.cpp">
      <Filter>.cpp</Filter>
    </ClCompile>
    <ClCompile Include="chunk.cpp">
      <Filter>.cpp</Filter>
    </ClCompile>
    <ClCompile Include="block.cpp">
      <Filter>.cpp</Filter>
    </ClCompile>
    <ClCompile Include="GeneratedFiles\Debug\moc_gameMain.cpp">
      <Filter>Generated Files\Debug</Filter>
    </ClCompile>
    <ClCompile Include="GeneratedFiles\Release\moc_gameMain.cpp">
      <Filter>Generated Files\Release</Filter>
    </ClCompile>
    <ClCompile Include="vector3d.cpp">
      <Filter>.cpp</Filter>
    </ClCompile>
    <ClCompile Include="kmcontroller.cpp">
      <Filter>.cpp</Filter>
    </ClCompile>
    <ClCompile Include="GeneratedFiles\Debug\moc_kmcontroller.cpp">
      <Filter>Generated Files\Debug</Filter>
    </ClCompile>
    <ClCompile Include="GeneratedFiles\Release\moc_kmcontroller.cpp">
      <Filter>Generated Files\Release</Filter>
    </ClCompile>
    <ClCompile Include="GeneratedFiles\Debug\moc_graphics.cpp">
      <Filter>Generated Files\Debug</Filter>
    </ClCompile>
    <ClCompile Include="GeneratedFiles\Release\moc_graphics.cpp">
      <Filter>Generated Files\Release</Filter>
    </ClCompile>
    <ClCompile Include="blocktransparencyaround.cpp">
      <Filter>.cpp</Filter>
    </ClCompile>
    <ClCompile Include="worldlayerholder.cpp">
      <Filter>.cpp</Filter>
    </ClCompile>
    <ClCompile Include="gameDataPreloader.cpp">
      <Filter>.cpp</Filter>
    </ClCompile>
    <ClCompile Include="VBOBox.cpp">
      <Filter>.cpp</Filter>
    </ClCompile>
  </ItemGroup>
  <ItemGroup>
    <Filter Include="Generated Files">
      <UniqueIdentifier>{71ED8ED8-ACB9-4CE9-BBE1-E00B30144E11}</UniqueIdentifier>
      <Extensions>moc;h;cpp</Extensions>
      <ParseFiles>true</ParseFiles>
    </Filter>
    <Filter Include=".cpp">
      <UniqueIdentifier>{7465b424-df94-4290-bc8a-aca2002b7552}</UniqueIdentifier>
    </Filter>
    <Filter Include=".h">
      <UniqueIdentifier>{e8c923dc-c32e-4bdf-9a34-0433ec450eb1}</UniqueIdentifier>
    </Filter>
    <Filter Include="Header Files">
      <UniqueIdentifier>{93995380-89BD-4b04-88EB-625FBE52EBFB}</UniqueIdentifier>
      <Extensions>h</Extensions>
      <ParseFiles>true</ParseFiles>
    </Filter>
    <Filter Include="Source Files">
      <UniqueIdentifier>{4FC737F1-C7A5-4376-A066-2A32D752A2FF}</UniqueIdentifier>
      <Extensions>cpp;cxx;c;def</Extensions>
      <ParseFiles>true</ParseFiles>
    </Filter>
    <Filter Include="Generated Files\Debug">
      <UniqueIdentifier>{54a00555-8726-44d3-8297-47f97b3bb022}</UniqueIdentifier>
      <Extensions>cpp;moc</Extensions>
      <SourceControlFiles>False</SourceControlFiles>
    </Filter>
    <Filter Include="Generated Files\Release">
      <UniqueIdentifier>{455d555c-1dec-4fac-9f4d-257f9dda0ddf}</UniqueIdentifier>
      <Extensions>cpp;moc</Extensions>
      <SourceControlFiles>False</SourceControlFiles>
    </Filter>
  </ItemGroup>
  <ItemGroup>
    <ClInclude Include="console.h">
      <Filter>.h</Filter>
    </ClInclude>
    <ClInclude Include="world.h">
      <Filter>.h</Filter>
    </ClInclude>
    <ClInclude Include="player.h">
      <Filter>.h</Filter>
    </ClInclude>
    <ClInclude Include="info.h">
      <Filter>.h</Filter>
    </ClInclude>
    <ClInclude Include="state.h">
      <Filter>.h</Filter>
    </ClInclude>
    <ClInclude Include="settings.h">
      <Filter>.h</Filter>
    </ClInclude>
    <ClInclude Include="chunk.h">
      <Filter>.h</Filter>
    </ClInclude>
    <ClInclude Include="defines.h">
      <Filter>.h</Filter>
    </ClInclude>
    <ClInclude Include="block.h">
      <Filter>.h</Filter>
    </ClInclude>
    <ClInclude Include="vector3d.h">
      <Filter>.h</Filter>
    </ClInclude>
    <ClInclude Include="blocktransparencyaround.h">
      <Filter>.h</Filter>
    </ClInclude>
    <ClInclude Include="worldlayerholder.h">
      <Filter>.h</Filter>
    </ClInclude>
    <ClInclude Include="gameDataPreloader.h">
      <Filter>.h</Filter>
    </ClInclude>
    <ClInclude Include="VBOBox.h">
      <Filter>.h</Filter>
    </ClInclude>
    <ClInclude Include="simpleArray.h">
      <Filter>.h</Filter>
    </ClInclude>
  </ItemGroup>
  <ItemGroup>
    <CustomBuild Include="graphics.h">
      <Filter>.h</Filter>
    </CustomBuild>
    <CustomBuild Include="gameMain.h">
      <Filter>.h</Filter>
    </CustomBuild>
    <CustomBuild Include="kmcontroller.h">
      <Filter>.h</Filter>
    </CustomBuild>
  </ItemGroup>
</Project>